
Microsoft Visual Studio Solution File, Format Version 12.00
# Visual Studio 15
VisualStudioVersion = 15.0.26430.15
MinimumVisualStudioVersion = 10.0.40219.1
Project("{FAE04EC0-301F-11D3-BF4B-00C04F79EFBC}") = "movieCruiserOnline", "movieCruiserOnline\movieCruiserOnline.csproj", "{0751E072-4567-4A86-BEBC-881E6539A4BB}"
EndProject
Project("{FAE04EC0-301F-11D3-BF4B-00C04F79EFBC}") = "Com.Cognizant.MovieCruiser", "Com.Cognizant.MovieCruiser\Com.Cognizant.MovieCruiser.csproj", "{8D42D89F-8E18-47AF-ABDD-F8F8FE36147D}"
EndProject
Global
	GlobalSection(SolutionConfigurationPlatforms) = preSolution
		Debug|Any CPU = Debug|Any CPU
		Release|Any CPU = Release|Any CPU
	EndGlobalSection
	GlobalSection(ProjectConfigurationPlatforms) = postSolution
		{0751E072-4567-4A86-BEBC-881E6539A4BB}.Debug|Any CPU.ActiveCfg = Debug|Any CPU
		{0751E072-4567-4A86-BEBC-881E6539A4BB}.Debug|Any CPU.Build.0 = Debug|Any CPU
		{0751E072-4567-4A86-BEBC-881E6539A4BB}.Release|Any CPU.ActiveCfg = Release|Any CPU
		{0751E072-4567-4A86-BEBC-881E6539A4BB}.Release|Any CPU.Build.0 = Release|Any CPU
		{8D42D89F-8E18-47AF-ABDD-F8F8FE36147D}.Debug|Any CPU.ActiveCfg = Debug|Any CPU
		{8D42D89F-8E18-47AF-ABDD-F8F8FE36147D}.Debug|Any CPU.Build.0 = Debug|Any CPU
		{8D42D89F-8E18-47AF-ABDD-F8F8FE36147D}.Release|Any CPU.ActiveCfg = Release|Any CPU
		{8D42D89F-8E18-47AF-ABDD-F8F8FE36147D}.Release|Any CPU.Build.0 = Release|Any CPU
	EndGlobalSection
	GlobalSection(SolutionProperties) = preSolution
		HideSolutionNode = FALSE
	EndGlobalSection
EndGlobal
